
Microsoft Visual Studio Solution File, Format Version 12.00
# Visual Studio Version 16
VisualStudioVersion = 16.0.30621.155
MinimumVisualStudioVersion = 10.0.40219.1
Project("{FAE04EC0-301F-11D3-BF4B-00C04F79EFBC}") = "MultiplayerPlugin", "MultiplayerPlugin.csproj", "{9959EF58-861A-4660-BAE9-0EAC477C1CEA}"
EndProject
Global
	GlobalSection(SolutionConfigurationPlatforms) = preSolution
		Debug|Any CPU = Debug|Any CPU
		Release|Any CPU = Release|Any CPU
	EndGlobalSection
	GlobalSection(ProjectConfigurationPlatforms) = postSolution
		{9959EF58-861A-4660-BAE9-0EAC477C1CEA}.Debug|Any CPU.ActiveCfg = Debug|Any CPU
		{9959EF58-861A-4660-BAE9-0EAC477C1CEA}.Debug|Any CPU.Build.0 = Debug|Any CPU
		{9959EF58-861A-4660-BAE9-0EAC477C1CEA}.Release|Any CPU.ActiveCfg = Release|Any CPU
		{9959EF58-861A-4660-BAE9-0EAC477C1CEA}.Release|Any CPU.Build.0 = Release|Any CPU
	EndGlobalSection
	GlobalSection(SolutionProperties) = preSolution
		HideSolutionNode = FALSE
	EndGlobalSection
	GlobalSection(ExtensibilityGlobals) = postSolution
		SolutionGuid = {6F3CE93F-54DC-4B0C-ADF7-AB53A1C05C50}
	EndGlobalSection
EndGlobal
